
Microsoft Visual Studio Solution File, Format Version 12.00
# Visual Studio Version 17
VisualStudioVersion = 17.0.31903.59
MinimumVisualStudioVersion = 10.0.40219.1
Project("{2150E333-8FDC-42A3-9474-1A3956D46DE8}") = "src", "src", "{827E0CD3-B72D-47B6-A68D-7590B98EB39B}"
EndProject
Project("{FAE04EC0-301F-11D3-BF4B-00C04F79EFBC}") = "Clinicore.Domain", "src\Clinicore.Domain\Clinicore.Domain.csproj", "{13EE8D6F-0254-4D4A-AF40-A3D353F80DC3}"
EndProject
Project("{FAE04EC0-301F-11D3-BF4B-00C04F79EFBC}") = "Clinicore.Application", "src\Clinicore.Application\Clinicore.Application.csproj", "{283781C6-58CA-4C17-AF68-F92AFEE5E30B}"
EndProject
Project("{FAE04EC0-301F-11D3-BF4B-00C04F79EFBC}") = "Clinicore.Contracts", "src\Clinicore.Contracts\Clinicore.Contracts.csproj", "{08523DE5-25B1-49BF-AF94-1F5DB29A4CB8}"
EndProject
Project("{FAE04EC0-301F-11D3-BF4B-00C04F79EFBC}") = "Clinicore.Infrastructure", "src\Clinicore.Infrastructure\Clinicore.Infrastructure.csproj", "{E017F126-6A95-4C7B-8E52-A76076DDEA2C}"
EndProject
Project("{FAE04EC0-301F-11D3-BF4B-00C04F79EFBC}") = "Clinicore.WebApi", "src\Clinicore.WebApi\Clinicore.WebApi.csproj", "{1619A8B7-4883-4C94-A0C4-2179A9DA9DBC}"
EndProject
Project("{2150E333-8FDC-42A3-9474-1A3956D46DE8}") = "tests", "tests", "{0AB3BF05-4346-4AA6-1389-037BE0695223}"
EndProject
Project("{FAE04EC0-301F-11D3-BF4B-00C04F79EFBC}") = "Clinicore.Domain.Tests", "tests\Clinicore.Domain.Tests\Clinicore.Domain.Tests.csproj", "{AB4C82BB-C4A5-4EEA-805E-5A6B07D44D08}"
EndProject
Project("{FAE04EC0-301F-11D3-BF4B-00C04F79EFBC}") = "Clinicore.Application.Tests", "tests\Clinicore.Application.Tests\Clinicore.Application.Tests.csproj", "{4D75C91F-4B16-407A-A931-E1E54EE1776B}"
EndProject
Global
	GlobalSection(SolutionConfigurationPlatforms) = preSolution
		Debug|Any CPU = Debug|Any CPU
		Debug|x64 = Debug|x64
		Debug|x86 = Debug|x86
		Release|Any CPU = Release|Any CPU
		Release|x64 = Release|x64
		Release|x86 = Release|x86
	EndGlobalSection
	GlobalSection(ProjectConfigurationPlatforms) = postSolution
		{13EE8D6F-0254-4D4A-AF40-A3D353F80DC3}.Debug|Any CPU.ActiveCfg = Debug|Any CPU
		{13EE8D6F-0254-4D4A-AF40-A3D353F80DC3}.Debug|Any CPU.Build.0 = Debug|Any CPU
		{13EE8D6F-0254-4D4A-AF40-A3D353F80DC3}.Debug|x64.ActiveCfg = Debug|Any CPU
		{13EE8D6F-0254-4D4A-AF40-A3D353F80DC3}.Debug|x64.Build.0 = Debug|Any CPU
		{13EE8D6F-0254-4D4A-AF40-A3D353F80DC3}.Debug|x86.ActiveCfg = Debug|Any CPU
		{13EE8D6F-0254-4D4A-AF40-A3D353F80DC3}.Debug|x86.Build.0 = Debug|Any CPU
		{13EE8D6F-0254-4D4A-AF40-A3D353F80DC3}.Release|Any CPU.ActiveCfg = Release|Any CPU
		{13EE8D6F-0254-4D4A-AF40-A3D353F80DC3}.Release|Any CPU.Build.0 = Release|Any CPU
		{13EE8D6F-0254-4D4A-AF40-A3D353F80DC3}.Release|x64.ActiveCfg = Release|Any CPU
		{13EE8D6F-0254-4D4A-AF40-A3D353F80DC3}.Release|x64.Build.0 = Release|Any CPU
		{13EE8D6F-0254-4D4A-AF40-A3D353F80DC3}.Release|x86.ActiveCfg = Release|Any CPU
		{13EE8D6F-0254-4D4A-AF40-A3D353F80DC3}.Release|x86.Build.0 = Release|Any CPU
		{283781C6-58CA-4C17-AF68-F92AFEE5E30B}.Debug|Any CPU.ActiveCfg = Debug|Any CPU
		{283781C6-58CA-4C17-AF68-F92AFEE5E30B}.Debug|Any CPU.Build.0 = Debug|Any CPU
		{283781C6-58CA-4C17-AF68-F92AFEE5E30B}.Debug|x64.ActiveCfg = Debug|Any CPU
		{283781C6-58CA-4C17-AF68-F92AFEE5E30B}.Debug|x64.Build.0 = Debug|Any CPU
		{283781C6-58CA-4C17-AF68-F92AFEE5E30B}.Debug|x86.ActiveCfg = Debug|Any CPU
		{283781C6-58CA-4C17-AF68-F92AFEE5E30B}.Debug|x86.Build.0 = Debug|Any CPU
		{283781C6-58CA-4C17-AF68-F92AFEE5E30B}.Release|Any CPU.ActiveCfg = Release|Any CPU
		{283781C6-58CA-4C17-AF68-F92AFEE5E30B}.Release|Any CPU.Build.0 = Release|Any CPU
		{283781C6-58CA-4C17-AF68-F92AFEE5E30B}.Release|x64.ActiveCfg = Release|Any CPU
		{283781C6-58CA-4C17-AF68-F92AFEE5E30B}.Release|x64.Build.0 = Release|Any CPU
		{283781C6-58CA-4C17-AF68-F92AFEE5E30B}.Release|x86.ActiveCfg = Release|Any CPU
		{283781C6-58CA-4C17-AF68-F92AFEE5E30B}.Release|x86.Build.0 = Release|Any CPU
		{08523DE5-25B1-49BF-AF94-1F5DB29A4CB8}.Debug|Any CPU.ActiveCfg = Debug|Any CPU
		{08523DE5-25B1-49BF-AF94-1F5DB29A4CB8}.Debug|Any CPU.Build.0 = Debug|Any CPU
		{08523DE5-25B1-49BF-AF94-1F5DB29A4CB8}.Debug|x64.ActiveCfg = Debug|Any CPU
		{08523DE5-25B1-49BF-AF94-1F5DB29A4CB8}.Debug|x64.Build.0 = Debug|Any CPU
		{08523DE5-25B1-49BF-AF94-1F5DB29A4CB8}.Debug|x86.ActiveCfg = Debug|Any CPU
		{08523DE5-25B1-49BF-AF94-1F5DB29A4CB8}.Debug|x86.Build.0 = Debug|Any CPU
		{08523DE5-25B1-49BF-AF94-1F5DB29A4CB8}.Release|Any CPU.ActiveCfg = Release|Any CPU
		{08523DE5-25B1-49BF-AF94-1F5DB29A4CB8}.Release|Any CPU.Build.0 = Release|Any CPU
		{08523DE5-25B1-49BF-AF94-1F5DB29A4CB8}.Release|x64.ActiveCfg = Release|Any CPU
		{08523DE5-25B1-49BF-AF94-1F5DB29A4CB8}.Release|x64.Build.0 = Release|Any CPU
		{08523DE5-25B1-49BF-AF94-1F5DB29A4CB8}.Release|x86.ActiveCfg = Release|Any CPU
		{08523DE5-25B1-49BF-AF94-1F5DB29A4CB8}.Release|x86.Build.0 = Release|Any CPU
		{E017F126-6A95-4C7B-8E52-A76076DDEA2C}.Debug|Any CPU.ActiveCfg = Debug|Any CPU
		{E017F126-6A95-4C7B-8E52-A76076DDEA2C}.Debug|Any CPU.Build.0 = Debug|Any CPU
		{E017F126-6A95-4C7B-8E52-A76076DDEA2C}.Debug|x64.ActiveCfg = Debug|Any CPU
		{E017F126-6A95-4C7B-8E52-A76076DDEA2C}.Debug|x64.Build.0 = Debug|Any CPU
		{E017F126-6A95-4C7B-8E52-A76076DDEA2C}.Debug|x86.ActiveCfg = Debug|Any CPU
		{E017F126-6A95-4C7B-8E52-A76076DDEA2C}.Debug|x86.Build.0 = Debug|Any CPU
		{E017F126-6A95-4C7B-8E52-A76076DDEA2C}.Release|Any CPU.ActiveCfg = Release|Any CPU
		{E017F126-6A95-4C7B-8E52-A76076DDEA2C}.Release|Any CPU.Build.0 = Release|Any CPU
		{E017F126-6A95-4C7B-8E52-A76076DDEA2C}.Release|x64.ActiveCfg = Release|Any CPU
		{E017F126-6A95-4C7B-8E52-A76076DDEA2C}.Release|x64.Build.0 = Release|Any CPU
		{E017F126-6A95-4C7B-8E52-A76076DDEA2C}.Release|x86.ActiveCfg = Release|Any CPU
		{E017F126-6A95-4C7B-8E52-A76076DDEA2C}.Release|x86.Build.0 = Release|Any CPU
		{1619A8B7-4883-4C94-A0C4-2179A9DA9DBC}.Debug|Any CPU.ActiveCfg = Debug|Any CPU
		{1619A8B7-4883-4C94-A0C4-2179A9DA9DBC}.Debug|Any CPU.Build.0 = Debug|Any CPU
		{1619A8B7-4883-4C94-A0C4-2179A9DA9DBC}.Debug|x64.ActiveCfg = Debug|Any CPU
		{1619A8B7-4883-4C94-A0C4-2179A9DA9DBC}.Debug|x64.Build.0 = Debug|Any CPU
		{1619A8B7-4883-4C94-A0C4-2179A9DA9DBC}.Debug|x86.ActiveCfg = Debug|Any CPU
		{1619A8B7-4883-4C94-A0C4-2179A9DA9DBC}.Debug|x86.Build.0 = Debug|Any CPU
		{1619A8B7-4883-4C94-A0C4-2179A9DA9DBC}.Release|Any CPU.ActiveCfg = Release|Any CPU
		{1619A8B7-4883-4C94-A0C4-2179A9DA9DBC}.Release|Any CPU.Build.0 = Release|Any CPU
		{1619A8B7-4883-4C94-A0C4-2179A9DA9DBC}.Release|x64.ActiveCfg = Release|Any CPU
		{1619A8B7-4883-4C94-A0C4-2179A9DA9DBC}.Release|x64.Build.0 = Release|Any CPU
		{1619A8B7-4883-4C94-A0C4-2179A9DA9DBC}.Release|x86.ActiveCfg = Release|Any CPU
		{1619A8B7-4883-4C94-A0C4-2179A9DA9DBC}.Release|x86.Build.0 = Release|Any CPU
		{AB4C82BB-C4A5-4EEA-805E-5A6B07D44D08}.Debug|Any CPU.ActiveCfg = Debug|Any CPU
		{AB4C82BB-C4A5-4EEA-805E-5A6B07D44D08}.Debug|Any CPU.Build.0 = Debug|Any CPU
		{AB4C82BB-C4A5-4EEA-805E-5A6B07D44D08}.Debug|x64.ActiveCfg = Debug|Any CPU
		{AB4C82BB-C4A5-4EEA-805E-5A6B07D44D08}.Debug|x64.Build.0 = Debug|Any CPU
		{AB4C82BB-C4A5-4EEA-805E-5A6B07D44D08}.Debug|x86.ActiveCfg = Debug|Any CPU
		{AB4C82BB-C4A5-4EEA-805E-5A6B07D44D08}.Debug|x86.Build.0 = Debug|Any CPU
		{AB4C82BB-C4A5-4EEA-805E-5A6B07D44D08}.Release|Any CPU.ActiveCfg = Release|Any CPU
		{AB4C82BB-C4A5-4EEA-805E-5A6B07D44D08}.Release|Any CPU.Build.0 = Release|Any CPU
		{AB4C82BB-C4A5-4EEA-805E-5A6B07D44D08}.Release|x64.ActiveCfg = Release|Any CPU
		{AB4C82BB-C4A5-4EEA-805E-5A6B07D44D08}.Release|x64.Build.0 = Release|Any CPU
		{AB4C82BB-C4A5-4EEA-805E-5A6B07D44D08}.Release|x86.ActiveCfg = Release|Any CPU
		{AB4C82BB-C4A5-4EEA-805E-5A6B07D44D08}.Release|x86.Build.0 = Release|Any CPU
		{4D75C91F-4B16-407A-A931-E1E54EE1776B}.Debug|Any CPU.ActiveCfg = Debug|Any CPU
		{4D75C91F-4B16-407A-A931-E1E54EE1776B}.Debug|Any CPU.Build.0 = Debug|Any CPU
		{4D75C91F-4B16-407A-A931-E1E54EE1776B}.Debug|x64.ActiveCfg = Debug|Any CPU
		{4D75C91F-4B16-407A-A931-E1E54EE1776B}.Debug|x64.Build.0 = Debug|Any CPU
		{4D75C91F-4B16-407A-A931-E1E54EE1776B}.Debug|x86.ActiveCfg = Debug|Any CPU
		{4D75C91F-4B16-407A-A931-E1E54EE1776B}.Debug|x86.Build.0 = Debug|Any CPU
		{4D75C91F-4B16-407A-A931-E1E54EE1776B}.Release|Any CPU.ActiveCfg = Release|Any CPU
		{4D75C91F-4B16-407A-A931-E1E54EE1776B}.Release|Any CPU.Build.0 = Release|Any CPU
		{4D75C91F-4B16-407A-A931-E1E54EE1776B}.Release|x64.ActiveCfg = Release|Any CPU
		{4D75C91F-4B16-407A-A931-E1E54EE1776B}.Release|x64.Build.0 = Release|Any CPU
		{4D75C91F-4B16-407A-A931-E1E54EE1776B}.Release|x86.ActiveCfg = Release|Any CPU
		{4D75C91F-4B16-407A-A931-E1E54EE1776B}.Release|x86.Build.0 = Release|Any CPU
	EndGlobalSection
	GlobalSection(SolutionProperties) = preSolution
		HideSolutionNode = FALSE
	EndGlobalSection
	GlobalSection(NestedProjects) = preSolution
		{13EE8D6F-0254-4D4A-AF40-A3D353F80DC3} = {827E0CD3-B72D-47B6-A68D-7590B98EB39B}
		{283781C6-58CA-4C17-AF68-F92AFEE5E30B} = {827E0CD3-B72D-47B6-A68D-7590B98EB39B}
		{08523DE5-25B1-49BF-AF94-1F5DB29A4CB8} = {827E0CD3-B72D-47B6-A68D-7590B98EB39B}
		{E017F126-6A95-4C7B-8E52-A76076DDEA2C} = {827E0CD3-B72D-47B6-A68D-7590B98EB39B}
		{1619A8B7-4883-4C94-A0C4-2179A9DA9DBC} = {827E0CD3-B72D-47B6-A68D-7590B98EB39B}
		{AB4C82BB-C4A5-4EEA-805E-5A6B07D44D08} = {0AB3BF05-4346-4AA6-1389-037BE0695223}
		{4D75C91F-4B16-407A-A931-E1E54EE1776B} = {0AB3BF05-4346-4AA6-1389-037BE0695223}
	EndGlobalSection
EndGlobal
